
Microsoft Visual Studio Solution File, Format Version 12.00
# Visual Studio 15
VisualStudioVersion = 15.0.27130.0
MinimumVisualStudioVersion = 10.0.40219.1
Project("{FAE04EC0-301F-11D3-BF4B-00C04F79EFBC}") = "Pesel", "Pesel\Pesel.csproj", "{F499D540-2DE3-4D46-8154-8F58EC5FD1F9}"
EndProject
Global
	GlobalSection(SolutionConfigurationPlatforms) = preSolution
		Debug|Any CPU = Debug|Any CPU
		Release|Any CPU = Release|Any CPU
	EndGlobalSection
	GlobalSection(ProjectConfigurationPlatforms) = postSolution
		{F499D540-2DE3-4D46-8154-8F58EC5FD1F9}.Debug|Any CPU.ActiveCfg = Debug|Any CPU
		{F499D540-2DE3-4D46-8154-8F58EC5FD1F9}.Debug|Any CPU.Build.0 = Debug|Any CPU
		{F499D540-2DE3-4D46-8154-8F58EC5FD1F9}.Release|Any CPU.ActiveCfg = Release|Any CPU
		{F499D540-2DE3-4D46-8154-8F58EC5FD1F9}.Release|Any CPU.Build.0 = Release|Any CPU
	EndGlobalSection
	GlobalSection(SolutionProperties) = preSolution
		HideSolutionNode = FALSE
	EndGlobalSection
	GlobalSection(ExtensibilityGlobals) = postSolution
		SolutionGuid = {06D8AF6D-AF77-4D54-9CD0-26B1DF9E2CA2}
	EndGlobalSection
EndGlobal
